
Microsoft Visual Studio Solution File, Format Version 12.00
# Visual Studio Version 16
VisualStudioVersion = 16.0.31019.35
MinimumVisualStudioVersion = 10.0.40219.1
Project("{FAE04EC0-301F-11D3-BF4B-00C04F79EFBC}") = "BlazorImplicitGrantForge", "BlazorImplicitGrantForge\BlazorImplicitGrantForge.csproj", "{1BEA187F-8850-4A36-833D-08E1EB070C92}"
EndProject
Global
	GlobalSection(SolutionConfigurationPlatforms) = preSolution
		Debug|Any CPU = Debug|Any CPU
		Release|Any CPU = Release|Any CPU
	EndGlobalSection
	GlobalSection(ProjectConfigurationPlatforms) = postSolution
		{1BEA187F-8850-4A36-833D-08E1EB070C92}.Debug|Any CPU.ActiveCfg = Debug|Any CPU
		{1BEA187F-8850-4A36-833D-08E1EB070C92}.Debug|Any CPU.Build.0 = Debug|Any CPU
		{1BEA187F-8850-4A36-833D-08E1EB070C92}.Release|Any CPU.ActiveCfg = Release|Any CPU
		{1BEA187F-8850-4A36-833D-08E1EB070C92}.Release|Any CPU.Build.0 = Release|Any CPU
	EndGlobalSection
	GlobalSection(SolutionProperties) = preSolution
		HideSolutionNode = FALSE
	EndGlobalSection
	GlobalSection(ExtensibilityGlobals) = postSolution
		SolutionGuid = {F1A277D8-F5DC-4B79-8CC3-F05633E6683A}
	EndGlobalSection
EndGlobal
